
Microsoft Visual Studio Solution File, Format Version 12.00
# Visual Studio 14
VisualStudioVersion = 14.0.25420.1
MinimumVisualStudioVersion = 10.0.40219.1
Project("{8BC9CEB8-8B4A-11D0-8D11-00A0C91BC942}") = "GameServer", "GameServer\GameServer.vcxproj", "{2270799E-A2E1-4D7B-9595-41DC584E1B0C}"
EndProject
Project("{8BC9CEB8-8B4A-11D0-8D11-00A0C91BC942}") = "GameClient", "GameClient\GameClient.vcxproj", "{93F851B9-CF98-4B3B-AD9F-FDA6D02FDC3F}"
EndProject
Project("{8BC9CEB8-8B4A-11D0-8D11-00A0C91BC942}") = "CommonData", "CommonData\CommonData.vcxitems", "{45D41ACC-2C3C-43D2-BC10-02AA73FFC7C7}"
EndProject
Global
	GlobalSection(SharedMSBuildProjectFiles) = preSolution
		CommonData\CommonData.vcxitems*{2270799e-a2e1-4d7b-9595-41dc584e1b0c}*SharedItemsImports = 4
		CommonData\CommonData.vcxitems*{45d41acc-2c3c-43d2-bc10-02aa73ffc7c7}*SharedItemsImports = 9
		CommonData\CommonData.vcxitems*{93f851b9-cf98-4b3b-ad9f-fda6d02fdc3f}*SharedItemsImports = 4
	EndGlobalSection
	GlobalSection(SolutionConfigurationPlatforms) = preSolution
		CommonData|Mixed Platforms = CommonData|Mixed Platforms
		CommonData|Win32 = CommonData|Win32
		CommonData|x64 = CommonData|x64
		CommonData|x86 = CommonData|x86
		Debug|Mixed Platforms = Debug|Mixed Platforms
		Debug|Win32 = Debug|Win32
		Debug|x64 = Debug|x64
		Debug|x86 = Debug|x86
		Release|Mixed Platforms = Release|Mixed Platforms
		Release|Win32 = Release|Win32
		Release|x64 = Release|x64
		Release|x86 = Release|x86
	EndGlobalSection
	GlobalSection(ProjectConfigurationPlatforms) = postSolution
		{2270799E-A2E1-4D7B-9595-41DC584E1B0C}.CommonData|Mixed Platforms.ActiveCfg = CommonData|Win32
		{2270799E-A2E1-4D7B-9595-41DC584E1B0C}.CommonData|Mixed Platforms.Build.0 = CommonData|Win32
		{2270799E-A2E1-4D7B-9595-41DC584E1B0C}.CommonData|Win32.ActiveCfg = CommonData|Win32
		{2270799E-A2E1-4D7B-9595-41DC584E1B0C}.CommonData|Win32.Build.0 = CommonData|Win32
		{2270799E-A2E1-4D7B-9595-41DC584E1B0C}.CommonData|x64.ActiveCfg = CommonData|x64
		{2270799E-A2E1-4D7B-9595-41DC584E1B0C}.CommonData|x64.Build.0 = CommonData|x64
		{2270799E-A2E1-4D7B-9595-41DC584E1B0C}.CommonData|x86.ActiveCfg = Debug|Win32
		{2270799E-A2E1-4D7B-9595-41DC584E1B0C}.CommonData|x86.Build.0 = Debug|Win32
		{2270799E-A2E1-4D7B-9595-41DC584E1B0C}.Debug|Mixed Platforms.ActiveCfg = Debug|Win32
		{2270799E-A2E1-4D7B-9595-41DC584E1B0C}.Debug|Mixed Platforms.Build.0 = Debug|Win32
		{2270799E-A2E1-4D7B-9595-41DC584E1B0C}.Debug|Win32.ActiveCfg = Debug|Win32
		{2270799E-A2E1-4D7B-9595-41DC584E1B0C}.Debug|Win32.Build.0 = Debug|Win32
		{2270799E-A2E1-4D7B-9595-41DC584E1B0C}.Debug|x64.ActiveCfg = Debug|x64
		{2270799E-A2E1-4D7B-9595-41DC584E1B0C}.Debug|x64.Build.0 = Debug|x64
		{2270799E-A2E1-4D7B-9595-41DC584E1B0C}.Debug|x86.ActiveCfg = Debug|Win32
		{2270799E-A2E1-4D7B-9595-41DC584E1B0C}.Debug|x86.Build.0 = Debug|Win32
		{2270799E-A2E1-4D7B-9595-41DC584E1B0C}.Release|Mixed Platforms.ActiveCfg = Release|Win32
		{2270799E-A2E1-4D7B-9595-41DC584E1B0C}.Release|Mixed Platforms.Build.0 = Release|Win32
		{2270799E-A2E1-4D7B-9595-41DC584E1B0C}.Release|Win32.ActiveCfg = Release|Win32
		{2270799E-A2E1-4D7B-9595-41DC584E1B0C}.Release|Win32.Build.0 = Release|Win32
		{2270799E-A2E1-4D7B-9595-41DC584E1B0C}.Release|x64.ActiveCfg = Release|x64
		{2270799E-A2E1-4D7B-9595-41DC584E1B0C}.Release|x64.Build.0 = Release|x64
		{2270799E-A2E1-4D7B-9595-41DC584E1B0C}.Release|x86.ActiveCfg = Release|Win32
		{2270799E-A2E1-4D7B-9595-41DC584E1B0C}.Release|x86.Build.0 = Release|Win32
		{93F851B9-CF98-4B3B-AD9F-FDA6D02FDC3F}.CommonData|Mixed Platforms.ActiveCfg = CommonData|Win32
		{93F851B9-CF98-4B3B-AD9F-FDA6D02FDC3F}.CommonData|Mixed Platforms.Build.0 = CommonData|Win32
		{93F851B9-CF98-4B3B-AD9F-FDA6D02FDC3F}.CommonData|Win32.ActiveCfg = CommonData|Win32
		{93F851B9-CF98-4B3B-AD9F-FDA6D02FDC3F}.CommonData|Win32.Build.0 = CommonData|Win32
		{93F851B9-CF98-4B3B-AD9F-FDA6D02FDC3F}.CommonData|x64.ActiveCfg = CommonData|Win32
		{93F851B9-CF98-4B3B-AD9F-FDA6D02FDC3F}.CommonData|x86.ActiveCfg = Debug|Win32
		{93F851B9-CF98-4B3B-AD9F-FDA6D02FDC3F}.CommonData|x86.Build.0 = Debug|Win32
		{93F851B9-CF98-4B3B-AD9F-FDA6D02FDC3F}.Debug|Mixed Platforms.ActiveCfg = Debug|Win32
		{93F851B9-CF98-4B3B-AD9F-FDA6D02FDC3F}.Debug|Mixed Platforms.Build.0 = Debug|Win32
		{93F851B9-CF98-4B3B-AD9F-FDA6D02FDC3F}.Debug|Win32.ActiveCfg = Debug|Win32
		{93F851B9-CF98-4B3B-AD9F-FDA6D02FDC3F}.Debug|Win32.Build.0 = Debug|Win32
		{93F851B9-CF98-4B3B-AD9F-FDA6D02FDC3F}.Debug|x64.ActiveCfg = Debug|Win32
		{93F851B9-CF98-4B3B-AD9F-FDA6D02FDC3F}.Debug|x86.ActiveCfg = Debug|Win32
		{93F851B9-CF98-4B3B-AD9F-FDA6D02FDC3F}.Debug|x86.Build.0 = Debug|Win32
		{93F851B9-CF98-4B3B-AD9F-FDA6D02FDC3F}.Release|Mixed Platforms.ActiveCfg = Release|Win32
		{93F851B9-CF98-4B3B-AD9F-FDA6D02FDC3F}.Release|Mixed Platforms.Build.0 = Release|Win32
		{93F851B9-CF98-4B3B-AD9F-FDA6D02FDC3F}.Release|Win32.ActiveCfg = Release|Win32
		{93F851B9-CF98-4B3B-AD9F-FDA6D02FDC3F}.Release|Win32.Build.0 = Release|Win32
		{93F851B9-CF98-4B3B-AD9F-FDA6D02FDC3F}.Release|x64.ActiveCfg = Release|Win32
		{93F851B9-CF98-4B3B-AD9F-FDA6D02FDC3F}.Release|x86.ActiveCfg = Release|Win32
		{93F851B9-CF98-4B3B-AD9F-FDA6D02FDC3F}.Release|x86.Build.0 = Release|Win32
	EndGlobalSection
	GlobalSection(SolutionProperties) = preSolution
		HideSolutionNode = FALSE
	EndGlobalSection
EndGlobal
